hash: c7132f69475171e953a15da7541255dbcdd334a217d3395e45c2aae2fad9f003
updated: 2016-12-20T21:50:33.794605031+03:00
imports:
- name: github.com/andybalholm/cascadia
  version: 196d48ce4ae8cf1c8f87088d2884eca214240887
- name: github.com/jroimartin/gocui
  version: 7ac95c981b8a07b624ab197b3ad5813fdfbe4864
- name: github.com/lib/pq
  version: 5bf161122cd640c2a5a2c1d7fa49ea9befff31dd
  subpackages:
  - oid
- name: github.com/mattn/go-runewidth
  version: 737072b4e32b7a5018b4a7125da8d12de90e8045
- name: github.com/nsf/termbox-go
  version: abe82ce5fb7a42fbd6784a5ceb71aff977e09ed8
- name: github.com/PuerkitoBio/goquery
  version: 152b1a2c8f5d0340f658bb656032a39b94e52958
- name: github.com/ugorji/go
  version: 9c7f9b7a2bc3a520f7c7b30b34b7f85f47fe27b6
  subpackages:
  - codec
- name: golang.org/x/net
  version: 45e771701b814666a7eb299e6c7a57d0b1799e91
  subpackages:
  - html
  - html/atom
  - websocket
- name: gopkg.in/yaml.v2
  version: a5b47d31c556af34a302ce5d659e6fea44d90de0
testImports:
- name: github.com/davecgh/go-spew
  version: 6d212800a42e8ab5c146b8ace3490ee17e5225f9
  subpackages:
  - spew
- name: github.com/pmezard/go-difflib
  version: d8ed2627bdf02c080bf22230dbb337003b7aba2d
  subpackages:
  - difflib
- name: github.com/stretchr/testify
  version: 69483b4bd14f5845b5a1e55bca19e954e827f1d0
  subpackages:
  - assert
