hash: 6beefabd281e36e6d5a842c03c6d74b57f0e49794a18d65661d7ff781a6e4d4d
updated: 2017-03-01T11:57:28.738824088+03:00
imports:
- name: github.com/jroimartin/gocui
  version: 4e9ce9a8e26f2ef33dfe297dbdfca148733b6b9b
- name: github.com/mattn/go-runewidth
  version: 14207d285c6c197daabb5c9793d63e7af9ab2d50
- name: github.com/nsf/termbox-go
  version: 91bae1bb5fa9ee504905ecbe7043fa30e92feaa3
- name: github.com/ugorji/go
  version: c88ee250d0221a57af388746f5cf03768c21d6e2
  subpackages:
  - codec
- name: golang.org/x/crypto
  version: 453249f01cfeb54c3d549ddb75ff152ca243f9d8
  subpackages:
  - bcrypt
  - blowfish
- name: golang.org/x/net
  version: 906cda9512f77671ab44f8c8563b13a8e707b230
  subpackages:
  - context
- name: golang.org/x/text
  version: 0ad425fe45e885577bef05dc1c50f72e33188b16
  subpackages:
  - encoding
- name: golang.org/x/tools
  version: 718875e4f9a39b5a303f3fa67a7dd9367b07c02f
  subpackages:
  - go/buildutil
testImports:
- name: github.com/davecgh/go-spew
  version: 6d212800a42e8ab5c146b8ace3490ee17e5225f9
  subpackages:
  - spew
- name: github.com/pmezard/go-difflib
  version: d8ed2627bdf02c080bf22230dbb337003b7aba2d
  subpackages:
  - difflib
- name: github.com/stretchr/testify
  version: 69483b4bd14f5845b5a1e55bca19e954e827f1d0
  subpackages:
  - assert
